schema: '2.0'
stages:
  data_ingetion:
    cmd: python src/data/data_ingestion.py
    deps:
    - path: src/data/data_ingestion.py
      hash: md5
      md5: 6c0cb39ad766e1c854253db4923d2140
      size: 2981
    outs:
    - path: data/raw
      hash: md5
      md5: 106c38725190ad2e4bab6fa291b592a8.dir
      size: 827973
      nfiles: 2
  data_preprocessing:
    cmd: python src/data/data_preprocessing.py
    deps:
    - path: data/raw
      hash: md5
      md5: 106c38725190ad2e4bab6fa291b592a8.dir
      size: 827973
      nfiles: 2
    - path: src/data/data_preprocessing.py
      hash: md5
      md5: 238caa07b901d6204816e936fbc036ac
      size: 3437
    outs:
    - path: data/processed
      hash: md5
      md5: f2820e872ce8ce74ee77ee5406d1c3a1.dir
      size: 720956
      nfiles: 2
  feature_engineering:
    cmd: python src/features/feature_engineering.py
    deps:
    - path: data/processed
      hash: md5
      md5: f2820e872ce8ce74ee77ee5406d1c3a1.dir
      size: 720956
      nfiles: 2
    - path: src/features/feature_engineering.py
      hash: md5
      md5: 4305dddb191729059c26b6b8ff558b6c
      size: 3427
    outs:
    - path: data/interim
      hash: md5
      md5: 5012cc26bd0349e248ce5a8731d20b72.dir
      size: 5439481
      nfiles: 2
  model_training:
    cmd: python src/model/model_training.py
    deps:
    - path: data/interim
      hash: md5
      md5: 5012cc26bd0349e248ce5a8731d20b72.dir
      size: 5439481
      nfiles: 2
    - path: src/model/model_training.py
      hash: md5
      md5: 06727ecdaf6637483be2e848758bc5d2
      size: 2289
    outs:
    - path: models/model.pkl
      hash: md5
      md5: f55f05ceb40ecb538c2ee0c3222e3e7a
      size: 1518
  model_evaluation:
    cmd: python src/model/model_evaluation.py
    deps:
    - path: data/interim
      hash: md5
      md5: 5012cc26bd0349e248ce5a8731d20b72.dir
      size: 5439481
      nfiles: 2
    - path: src/model/model_evaluation.py
      hash: md5
      md5: 789bfbcb7fada8d9cead69987bc3c669
      size: 2588
    outs:
    - path: metric.json
      hash: md5
      md5: 18b7c1b6f6588f3e698ddd1a9a9f4f70
      size: 145
